
Microsoft Visual Studio Solution File, Format Version 12.00
# Visual Studio Version 17
VisualStudioVersion = 17.6.33829.357
MinimumVisualStudioVersion = 10.0.40219.1
Project("{FAE04EC0-301F-11D3-BF4B-00C04F79EFBC}") = "Dynamic-Survey-Builder-Back", "Dynamic-Survey-Builder-Back\Dynamic-Survey-Builder-Back.csproj", "{AC9647A3-B956-4B98-ADA9-B328F1550410}"
EndProject
Global
	GlobalSection(SolutionConfigurationPlatforms) = preSolution
		Debug|Any CPU = Debug|Any CPU
		Release|Any CPU = Release|Any CPU
	EndGlobalSection
	GlobalSection(ProjectConfigurationPlatforms) = postSolution
		{AC9647A3-B956-4B98-ADA9-B328F1550410}.Debug|Any CPU.ActiveCfg = Debug|Any CPU
		{AC9647A3-B956-4B98-ADA9-B328F1550410}.Debug|Any CPU.Build.0 = Debug|Any CPU
		{AC9647A3-B956-4B98-ADA9-B328F1550410}.Release|Any CPU.ActiveCfg = Release|Any CPU
		{AC9647A3-B956-4B98-ADA9-B328F1550410}.Release|Any CPU.Build.0 = Release|Any CPU
	EndGlobalSection
	GlobalSection(SolutionProperties) = preSolution
		HideSolutionNode = FALSE
	EndGlobalSection
	GlobalSection(ExtensibilityGlobals) = postSolution
		SolutionGuid = {4DB06F95-5926-4D0C-A678-FC424FFA8091}
	EndGlobalSection
EndGlobal
