
Microsoft Visual Studio Solution File, Format Version 12.00
# Visual Studio Version 17
VisualStudioVersion = 17.6.33829.357
MinimumVisualStudioVersion = 10.0.40219.1
Project("{FAE04EC0-301F-11D3-BF4B-00C04F79EFBC}") = "MicroHusNettButikk-API", "MicroHusNettButikk-API\MicroHusNettButikk-API.csproj", "{847FA010-496D-40D4-9B05-1CF08A17ABA4}"
EndProject
Global
	GlobalSection(SolutionConfigurationPlatforms) = preSolution
		Debug|Any CPU = Debug|Any CPU
		Release|Any CPU = Release|Any CPU
	EndGlobalSection
	GlobalSection(ProjectConfigurationPlatforms) = postSolution
		{847FA010-496D-40D4-9B05-1CF08A17ABA4}.Debug|Any CPU.ActiveCfg = Debug|Any CPU
		{847FA010-496D-40D4-9B05-1CF08A17ABA4}.Debug|Any CPU.Build.0 = Debug|Any CPU
		{847FA010-496D-40D4-9B05-1CF08A17ABA4}.Release|Any CPU.ActiveCfg = Release|Any CPU
		{847FA010-496D-40D4-9B05-1CF08A17ABA4}.Release|Any CPU.Build.0 = Release|Any CPU
	EndGlobalSection
	GlobalSection(SolutionProperties) = preSolution
		HideSolutionNode = FALSE
	EndGlobalSection
	GlobalSection(ExtensibilityGlobals) = postSolution
		SolutionGuid = {B0E9C740-0AFB-4C70-B8A4-66F2C3FCB5B4}
	EndGlobalSection
EndGlobal
